// !$*UTF8*$!
{
	archiveVersion = 1;
	classes = {
	};
	objectVersion = 77;
	objects = {

/* Begin PBXBuildFile section */
		FE6FC02E2E756EAB007FA21D /* ios_todo-app-modern-tech-research.md in Resources */ = {isa = PBXBuildFile; fileRef = FE6FC02A2E756EAB007FA21D /* ios_todo-app-modern-tech-research.md */; };
		FE6FC02F2E756EAB007FA21D /* tech-stack.md in Resources */ = {isa = PBXBuildFile; fileRef = FE6FC02B2E756EAB007FA21D /* tech-stack.md */; };
		FE6FC0302E756EAB007FA21D /* feature-list.md in Resources */ = {isa = PBXBuildFile; fileRef = FE6FC0292E756EAB007FA21D /* feature-list.md */; };
		FE6FC0312E756EAB007FA21D /* UI-specs.md in Resources */ = {isa = PBXBuildFile; fileRef = FE6FC02C2E756EAB007FA21D /* UI-specs.md */; };
		FE6FC0352E7573A6007FA21D /* prd-prompt.md in Resources */ = {isa = PBXBuildFile; fileRef = FE6FC0342E7573A6007FA21D /* prd-prompt.md */; };
		FE6FC04A2E757FF5007FA21D /* todoozies-prd.md in Resources */ = {isa = PBXBuildFile; fileRef = FE6FC0492E757FF5007FA21D /* todoozies-prd.md */; };
		FE6FC04C2E7616F6007FA21D /* ios-todo-app-wireframes.md in Resources */ = {isa = PBXBuildFile; fileRef = FE6FC04B2E7616F6007FA21D /* ios-todo-app-wireframes.md */; };
		FE6FC0502E763B43007FA21D /* CLAUDE.md in Resources */ = {isa = PBXBuildFile; fileRef = FE6FC04F2E763B43007FA21D /* CLAUDE.md */; };
		FE6FC0522E763BDA007FA21D /* todoozies-implementation-plan.md in Resources */ = {isa = PBXBuildFile; fileRef = FE6FC0512E763BDA007FA21D /* todoozies-implementation-plan.md */; };
		FE6FC0722E776D5F007FA21D /* codebase-analysis-report.md in Resources */ = {isa = PBXBuildFile; fileRef = FE6FC0712E776D5F007FA21D /* codebase-analysis-report.md */; };
/* End PBXBuildFile section */

/* Begin PBXContainerItemProxy section */
		FE6FC00C2E756E44007FA21D /* PBXContainerItemProxy */ = {
			isa = PBXContainerItemProxy;
			containerPortal = FE6FBFF22E756E44007FA21D /* Project object */;
			proxyType = 1;
			remoteGlobalIDString = FE6FBFF92E756E44007FA21D;
			remoteInfo = ToDoozies;
		};
		FE6FC0162E756E44007FA21D /* PBXContainerItemProxy */ = {
			isa = PBXContainerItemProxy;
			containerPortal = FE6FBFF22E756E44007FA21D /* Project object */;
			proxyType = 1;
			remoteGlobalIDString = FE6FBFF92E756E44007FA21D;
			remoteInfo = ToDoozies;
		};
/* End PBXContainerItemProxy section */

/* Begin PBXFileReference section */
		FE6FBFFA2E756E44007FA21D /* ToDoozies.app */ = {isa = PBXFileReference; explicitFileType = wrapper.application; includeInIndex = 0; path = ToDoozies.app; sourceTree = BUILT_PRODUCTS_DIR; };
		FE6FC00B2E756E44007FA21D /* ToDooziesTests.xctest */ = {isa = PBXFileReference; explicitFileType = wrapper.cfbundle; includeInIndex = 0; path = ToDooziesTests.xctest; sourceTree = BUILT_PRODUCTS_DIR; };
		FE6FC0152E756E44007FA21D /* ToDooziesUITests.xctest */ = {isa = PBXFileReference; explicitFileType = wrapper.cfbundle; includeInIndex = 0; path = ToDooziesUITests.xctest; sourceTree = BUILT_PRODUCTS_DIR; };
		FE6FC0292E756EAB007FA21D /* feature-list.md */ = {isa = PBXFileReference; lastKnownFileType = net.daringfireball.markdown; path = "feature-list.md"; sourceTree = "<group>"; };
		FE6FC02A2E756EAB007FA21D /* ios_todo-app-modern-tech-research.md */ = {isa = PBXFileReference; lastKnownFileType = net.daringfireball.markdown; path = "ios_todo-app-modern-tech-research.md"; sourceTree = "<group>"; };
		FE6FC02B2E756EAB007FA21D /* tech-stack.md */ = {isa = PBXFileReference; lastKnownFileType = net.daringfireball.markdown; path = "tech-stack.md"; sourceTree = "<group>"; };
		FE6FC02C2E756EAB007FA21D /* UI-specs.md */ = {isa = PBXFileReference; lastKnownFileType = net.daringfireball.markdown; path = "UI-specs.md"; sourceTree = "<group>"; };
		FE6FC0342E7573A6007FA21D /* prd-prompt.md */ = {isa = PBXFileReference; lastKnownFileType = net.daringfireball.markdown; path = "prd-prompt.md"; sourceTree = "<group>"; };
		FE6FC0492E757FF5007FA21D /* todoozies-prd.md */ = {isa = PBXFileReference; lastKnownFileType = net.daringfireball.markdown; path = "todoozies-prd.md"; sourceTree = "<group>"; };
		FE6FC04B2E7616F6007FA21D /* ios-todo-app-wireframes.md */ = {isa = PBXFileReference; lastKnownFileType = net.daringfireball.markdown; path = "ios-todo-app-wireframes.md"; sourceTree = "<group>"; };
		FE6FC04F2E763B43007FA21D /* CLAUDE.md */ = {isa = PBXFileReference; lastKnownFileType = net.daringfireball.markdown; path = CLAUDE.md; sourceTree = "<group>"; };
		FE6FC0512E763BDA007FA21D /* todoozies-implementation-plan.md */ = {isa = PBXFileReference; lastKnownFileType = net.daringfireball.markdown; path = "todoozies-implementation-plan.md"; sourceTree = "<group>"; };
		FE6FC0712E776D5F007FA21D /* codebase-analysis-report.md */ = {isa = PBXFileReference; lastKnownFileType = net.daringfireball.markdown; path = "codebase-analysis-report.md"; sourceTree = "<group>"; };
/* End PBXFileReference section */

/* Begin PBXFileSystemSynchronizedBuildFileExceptionSet section */
		FE6FC01D2E756E44007FA21D /* Exceptions for "ToDoozies" folder in "ToDoozies" target */ = {
			isa = PBXFileSystemSynchronizedBuildFileExceptionSet;
			membershipExceptions = (
				Info.plist,
			);
			target = FE6FBFF92E756E44007FA21D /* ToDoozies */;
		};
/* End PBXFileSystemSynchronizedBuildFileExceptionSet section */

/* Begin PBXFileSystemSynchronizedRootGroup section */
		FE6FBFFC2E756E44007FA21D /* ToDoozies */ = {
			isa = PBXFileSystemSynchronizedRootGroup;
			exceptions = (
				FE6FC01D2E756E44007FA21D /* Exceptions for "ToDoozies" folder in "ToDoozies" target */,
			);
			path = ToDoozies;
			sourceTree = "<group>";
		};
		FE6FC00E2E756E44007FA21D /* ToDooziesTests */ = {
			isa = PBXFileSystemSynchronizedRootGroup;
			path = ToDooziesTests;
			sourceTree = "<group>";
		};
		FE6FC0182E756E44007FA21D /* ToDooziesUITests */ = {
			isa = PBXFileSystemSynchronizedRootGroup;
			path = ToDooziesUITests;
			sourceTree = "<group>";
		};
/* End PBXFileSystemSynchronizedRootGroup section */

/* Begin PBXFrameworksBuildPhase section */
		FE6FBFF72E756E44007FA21D /* Frameworks */ = {
			isa = PBXFrameworksBuildPhase;
			buildActionMask = 2147483647;
			files = (
			);
			runOnlyForDeploymentPostprocessing = 0;
		};
		FE6FC0082E756E44007FA21D /* Frameworks */ = {
			isa = PBXFrameworksBuildPhase;
			buildActionMask = 2147483647;
			files = (
			);
			runOnlyForDeploymentPostprocessing = 0;
		};
		FE6FC0122E756E44007FA21D /* Frameworks */ = {
			isa = PBXFrameworksBuildPhase;
			buildActionMask = 2147483647;
			files = (
			);
			runOnlyForDeploymentPostprocessing = 0;
		};
/* End PBXFrameworksBuildPhase section */

/* Begin PBXGroup section */
		FE6FBFF12E756E44007FA21D = {
			isa = PBXGroup;
			children = (
				FE6FC04F2E763B43007FA21D /* CLAUDE.md */,
				FE6FBFFC2E756E44007FA21D /* ToDoozies */,
				FE6FC00E2E756E44007FA21D /* ToDooziesTests */,
				FE6FC0182E756E44007FA21D /* ToDooziesUITests */,
				FE6FBFFB2E756E44007FA21D /* Products */,
				FE6FC02D2E756EAB007FA21D /* docs */,
			);
			sourceTree = "<group>";
		};
		FE6FBFFB2E756E44007FA21D /* Products */ = {
			isa = PBXGroup;
			children = (
				FE6FBFFA2E756E44007FA21D /* ToDoozies.app */,
				FE6FC00B2E756E44007FA21D /* ToDooziesTests.xctest */,
				FE6FC0152E756E44007FA21D /* ToDooziesUITests.xctest */,
			);
			name = Products;
			sourceTree = "<group>";
		};
		FE6FC02D2E756EAB007FA21D /* docs */ = {
			isa = PBXGroup;
			children = (
				FE6FC0512E763BDA007FA21D /* todoozies-implementation-plan.md */,
				FE6FC0712E776D5F007FA21D /* codebase-analysis-report.md */,
				FE6FC04B2E7616F6007FA21D /* ios-todo-app-wireframes.md */,
				FE6FC0492E757FF5007FA21D /* todoozies-prd.md */,
				FE6FC0342E7573A6007FA21D /* prd-prompt.md */,
				FE6FC0292E756EAB007FA21D /* feature-list.md */,
				FE6FC02A2E756EAB007FA21D /* ios_todo-app-modern-tech-research.md */,
				FE6FC02B2E756EAB007FA21D /* tech-stack.md */,
				FE6FC02C2E756EAB007FA21D /* UI-specs.md */,
			);
			path = docs;
			sourceTree = "<group>";
		};
/* End PBXGroup section */

/* Begin PBXNativeTarget section */
		FE6FBFF92E756E44007FA21D /* ToDoozies */ = {
			isa = PBXNativeTarget;
			buildConfigurationList = FE6FC01E2E756E44007FA21D /* Build configuration list for PBXNativeTarget "ToDoozies" */;
			buildPhases = (
				FE6FBFF62E756E44007FA21D /* Sources */,
				FE6FBFF72E756E44007FA21D /* Frameworks */,
				FE6FBFF82E756E44007FA21D /* Resources */,
			);
			buildRules = (
			);
			dependencies = (
			);
			fileSystemSynchronizedGroups = (
				FE6FBFFC2E756E44007FA21D /* ToDoozies */,
			);
			name = ToDoozies;
			packageProductDependencies = (
			);
			productName = ToDoozies;
			productReference = FE6FBFFA2E756E44007FA21D /* ToDoozies.app */;
			productType = "com.apple.product-type.application";
		};
		FE6FC00A2E756E44007FA21D /* ToDooziesTests */ = {
			isa = PBXNativeTarget;
			buildConfigurationList = FE6FC0232E756E44007FA21D /* Build configuration list for PBXNativeTarget "ToDooziesTests" */;
			buildPhases = (
				FE6FC0072E756E44007FA21D /* Sources */,
				FE6FC0082E756E44007FA21D /* Frameworks */,
				FE6FC0092E756E44007FA21D /* Resources */,
			);
			buildRules = (
			);
			dependencies = (
				FE6FC00D2E756E44007FA21D /* PBXTargetDependency */,
			);
			fileSystemSynchronizedGroups = (
				FE6FC00E2E756E44007FA21D /* ToDooziesTests */,
			);
			name = ToDooziesTests;
			packageProductDependencies = (
			);
			productName = ToDooziesTests;
			productReference = FE6FC00B2E756E44007FA21D /* ToDooziesTests.xctest */;
			productType = "com.apple.product-type.bundle.unit-test";
		};
		FE6FC0142E756E44007FA21D /* ToDooziesUITests */ = {
			isa = PBXNativeTarget;
			buildConfigurationList = FE6FC0262E756E44007FA21D /* Build configuration list for PBXNativeTarget "ToDooziesUITests" */;
			buildPhases = (
				FE6FC0112E756E44007FA21D /* Sources */,
				FE6FC0122E756E44007FA21D /* Frameworks */,
				FE6FC0132E756E44007FA21D /* Resources */,
			);
			buildRules = (
			);
			dependencies = (
				FE6FC0172E756E44007FA21D /* PBXTargetDependency */,
			);
			fileSystemSynchronizedGroups = (
				FE6FC0182E756E44007FA21D /* ToDooziesUITests */,
			);
			name = ToDooziesUITests;
			packageProductDependencies = (
			);
			productName = ToDooziesUITests;
			productReference = FE6FC0152E756E44007FA21D /* ToDooziesUITests.xctest */;
			productType = "com.apple.product-type.bundle.ui-testing";
		};
/* End PBXNativeTarget section */

/* Begin PBXProject section */
		FE6FBFF22E756E44007FA21D /* Project object */ = {
			isa = PBXProject;
			attributes = {
				BuildIndependentTargetsInParallel = 1;
				LastSwiftUpdateCheck = 1640;
				LastUpgradeCheck = 1640;
				TargetAttributes = {
					FE6FBFF92E756E44007FA21D = {
						CreatedOnToolsVersion = 16.4;
					};
					FE6FC00A2E756E44007FA21D = {
						CreatedOnToolsVersion = 16.4;
						TestTargetID = FE6FBFF92E756E44007FA21D;
					};
					FE6FC0142E756E44007FA21D = {
						CreatedOnToolsVersion = 16.4;
						TestTargetID = FE6FBFF92E756E44007FA21D;
					};
				};
			};
			buildConfigurationList = FE6FBFF52E756E44007FA21D /* Build configuration list for PBXProject "ToDoozies" */;
			developmentRegion = en;
			hasScannedForEncodings = 0;
			knownRegions = (
				en,
				Base,
			);
			mainGroup = FE6FBFF12E756E44007FA21D;
			minimizedProjectReferenceProxies = 1;
			preferredProjectObjectVersion = 77;
			productRefGroup = FE6FBFFB2E756E44007FA21D /* Products */;
			projectDirPath = "";
			projectRoot = "";
			targets = (
				FE6FBFF92E756E44007FA21D /* ToDoozies */,
				FE6FC00A2E756E44007FA21D /* ToDooziesTests */,
				FE6FC0142E756E44007FA21D /* ToDooziesUITests */,
			);
		};
/* End PBXProject section */

/* Begin PBXResourcesBuildPhase section */
		FE6FBFF82E756E44007FA21D /* Resources */ = {
			isa = PBXResourcesBuildPhase;
			buildActionMask = 2147483647;
			files = (
				FE6FC0722E776D5F007FA21D /* codebase-analysis-report.md in Resources */,
				FE6FC04A2E757FF5007FA21D /* todoozies-prd.md in Resources */,
				FE6FC0502E763B43007FA21D /* CLAUDE.md in Resources */,
				FE6FC02E2E756EAB007FA21D /* ios_todo-app-modern-tech-research.md in Resources */,
				FE6FC02F2E756EAB007FA21D /* tech-stack.md in Resources */,
				FE6FC0302E756EAB007FA21D /* feature-list.md in Resources */,
				FE6FC0522E763BDA007FA21D /* todoozies-implementation-plan.md in Resources */,
				FE6FC0312E756EAB007FA21D /* UI-specs.md in Resources */,
				FE6FC0352E7573A6007FA21D /* prd-prompt.md in Resources */,
				FE6FC04C2E7616F6007FA21D /* ios-todo-app-wireframes.md in Resources */,
			);
			runOnlyForDeploymentPostprocessing = 0;
		};
		FE6FC0092E756E44007FA21D /* Resources */ = {
			isa = PBXResourcesBuildPhase;
			buildActionMask = 2147483647;
			files = (
			);
			runOnlyForDeploymentPostprocessing = 0;
		};
		FE6FC0132E756E44007FA21D /* Resources */ = {
			isa = PBXResourcesBuildPhase;
			buildActionMask = 2147483647;
			files = (
			);
			runOnlyForDeploymentPostprocessing = 0;
		};
/* End PBXResourcesBuildPhase section */

/* Begin PBXSourcesBuildPhase section */
		FE6FBFF62E756E44007FA21D /* Sources */ = {
			isa = PBXSourcesBuildPhase;
			buildActionMask = 2147483647;
			files = (
			);
			runOnlyForDeploymentPostprocessing = 0;
		};
		FE6FC0072E756E44007FA21D /* Sources */ = {
			isa = PBXSourcesBuildPhase;
			buildActionMask = 2147483647;
			files = (
			);
			runOnlyForDeploymentPostprocessing = 0;
		};
		FE6FC0112E756E44007FA21D /* Sources */ = {
			isa = PBXSourcesBuildPhase;
			buildActionMask = 2147483647;
			files = (
			);
			runOnlyForDeploymentPostprocessing = 0;
		};
/* End PBXSourcesBuildPhase section */

/* Begin PBXTargetDependency section */
		FE6FC00D2E756E44007FA21D /* PBXTargetDependency */ = {
			isa = PBXTargetDependency;
			target = FE6FBFF92E756E44007FA21D /* ToDoozies */;
			targetProxy = FE6FC00C2E756E44007FA21D /* PBXContainerItemProxy */;
		};
		FE6FC0172E756E44007FA21D /* PBXTargetDependency */ = {
			isa = PBXTargetDependency;
			target = FE6FBFF92E756E44007FA21D /* ToDoozies */;
			targetProxy = FE6FC0162E756E44007FA21D /* PBXContainerItemProxy */;
		};
/* End PBXTargetDependency section */

/* Begin XCBuildConfiguration section */
		FE6FC01F2E756E44007FA21D /* Debug */ = {
			isa = XCBuildConfiguration;
			buildSettings = {
				ASSETCATALOG_COMPILER_APPICON_NAME = AppIcon;
				ASSETCATALOG_COMPILER_GLOBAL_ACCENT_COLOR_NAME = AccentColor;
				CODE_SIGN_ENTITLEMENTS = ToDoozies/ToDoozies.entitlements;
				CODE_SIGN_STYLE = Automatic;
				CURRENT_PROJECT_VERSION = 1;
				DEVELOPMENT_TEAM = BKD7HH7ZDH;
				ENABLE_PREVIEWS = YES;
				GENERATE_INFOPLIST_FILE = YES;
				INFOPLIST_FILE = ToDoozies/Info.plist;
				INFOPLIST_KEY_UIApplicationSceneManifest_Generation = YES;
				INFOPLIST_KEY_UIApplicationSupportsIndirectInputEvents = YES;
				INFOPLIST_KEY_UILaunchScreen_Generation = YES;
				INFOPLIST_KEY_UISupportedInterfaceOrientations_iPad = "UIInterfaceOrientationPortrait UIInterfaceOrientationPortraitUpsideDown UIInterfaceOrientationLandscapeLeft UIInterfaceOrientationLandscapeRight";
				INFOPLIST_KEY_UISupportedInterfaceOrientations_iPhone = "UIInterfaceOrientationPortrait UIInterfaceOrientationLandscapeLeft UIInterfaceOrientationLandscapeRight";
				IPHONEOS_DEPLOYMENT_TARGET = 17.6;
				LD_RUNPATH_SEARCH_PATHS = (
					"$(inherited)",
					"@executable_path/Frameworks",
				);
				MARKETING_VERSION = 1.0;
				PRODUCT_BUNDLE_IDENTIFIER = dante.ToDoozies;
				PRODUCT_NAME = "$(TARGET_NAME)";
				SWIFT_EMIT_LOC_STRINGS = YES;
				SWIFT_VERSION = 5.0;
				TARGETED_DEVICE_FAMILY = "1,2";
			};
			name = Debug;
		};
		FE6FC0202E756E44007FA21D /* Release */ = {
			isa = XCBuildConfiguration;
			buildSettings = {
				ASSETCATALOG_COMPILER_APPICON_NAME = AppIcon;
				ASSETCATALOG_COMPILER_GLOBAL_ACCENT_COLOR_NAME = AccentColor;
				CODE_SIGN_ENTITLEMENTS = ToDoozies/ToDoozies.entitlements;
				CODE_SIGN_STYLE = Automatic;
				CURRENT_PROJECT_VERSION = 1;
				DEVELOPMENT_TEAM = BKD7HH7ZDH;
				ENABLE_PREVIEWS = YES;
				GENERATE_INFOPLIST_FILE = YES;
				INFOPLIST_FILE = ToDoozies/Info.plist;
				INFOPLIST_KEY_UIApplicationSceneManifest_Generation = YES;
				INFOPLIST_KEY_UIApplicationSupportsIndirectInputEvents = YES;
				INFOPLIST_KEY_UILaunchScreen_Generation = YES;
				INFOPLIST_KEY_UISupportedInterfaceOrientations_iPad = "UIInterfaceOrientationPortrait UIInterfaceOrientationPortraitUpsideDown UIInterfaceOrientationLandscapeLeft UIInterfaceOrientationLandscapeRight";
				INFOPLIST_KEY_UISupportedInterfaceOrientations_iPhone = "UIInterfaceOrientationPortrait UIInterfaceOrientationLandscapeLeft UIInterfaceOrientationLandscapeRight";
				IPHONEOS_DEPLOYMENT_TARGET = 17.6;
				LD_RUNPATH_SEARCH_PATHS = (
					"$(inherited)",
					"@executable_path/Frameworks",
				);
				MARKETING_VERSION = 1.0;
				PRODUCT_BUNDLE_IDENTIFIER = dante.ToDoozies;
				PRODUCT_NAME = "$(TARGET_NAME)";
				SWIFT_EMIT_LOC_STRINGS = YES;
				SWIFT_VERSION = 5.0;
				TARGETED_DEVICE_FAMILY = "1,2";
			};
			name = Release;
		};
		FE6FC0212E756E44007FA21D /* Debug */ = {
			isa = XCBuildConfiguration;
			buildSettings = {
				ALWAYS_SEARCH_USER_PATHS = NO;
				ASSETCATALOG_COMPILER_GENERATE_SWIFT_ASSET_SYMBOL_EXTENSIONS = YES;
				CLANG_ANALYZER_NONNULL = YES;
				CLANG_ANALYZER_NUMBER_OBJECT_CONVERSION = YES_AGGRESSIVE;
				CLANG_CXX_LANGUAGE_STANDARD = "gnu++20";
				CLANG_ENABLE_MODULES = YES;
				CLANG_ENABLE_OBJC_ARC = YES;
				CLANG_ENABLE_OBJC_WEAK = YES;
				CLANG_WARN_BLOCK_CAPTURE_AUTORELEASING = YES;
				CLANG_WARN_BOOL_CONVERSION = YES;
				CLANG_WARN_COMMA = YES;
				CLANG_WARN_CONSTANT_CONVERSION = YES;
				CLANG_WARN_DEPRECATED_OBJC_IMPLEMENTATIONS = YES;
				CLANG_WARN_DIRECT_OBJC_ISA_USAGE = YES_ERROR;
				CLANG_WARN_DOCUMENTATION_COMMENTS = YES;
				CLANG_WARN_EMPTY_BODY = YES;
				CLANG_WARN_ENUM_CONVERSION = YES;
				CLANG_WARN_INFINITE_RECURSION = YES;
				CLANG_WARN_INT_CONVERSION = YES;
				CLANG_WARN_NON_LITERAL_NULL_CONVERSION = YES;
				CLANG_WARN_OBJC_IMPLICIT_RETAIN_SELF = YES;
				CLANG_WARN_OBJC_LITERAL_CONVERSION = YES;
				CLANG_WARN_OBJC_ROOT_CLASS = YES_ERROR;
				CLANG_WARN_QUOTED_INCLUDE_IN_FRAMEWORK_HEADER = YES;
				CLANG_WARN_RANGE_LOOP_ANALYSIS = YES;
				CLANG_WARN_STRICT_PROTOTYPES = YES;
				CLANG_WARN_SUSPICIOUS_MOVE = YES;
				CLANG_WARN_UNGUARDED_AVAILABILITY = YES_AGGRESSIVE;
				CLANG_WARN_UNREACHABLE_CODE = YES;
				CLANG_WARN__DUPLICATE_METHOD_MATCH = YES;
				COPY_PHASE_STRIP = NO;
				DEBUG_INFORMATION_FORMAT = dwarf;
				DEVELOPMENT_TEAM = BKD7HH7ZDH;
				ENABLE_STRICT_OBJC_MSGSEND = YES;
				ENABLE_TESTABILITY = YES;
				ENABLE_USER_SCRIPT_SANDBOXING = YES;
				GCC_C_LANGUAGE_STANDARD = gnu17;
				GCC_DYNAMIC_NO_PIC = NO;
				GCC_NO_COMMON_BLOCKS = YES;
				GCC_OPTIMIZATION_LEVEL = 0;
				GCC_PREPROCESSOR_DEFINITIONS = (
					"DEBUG=1",
					"$(inherited)",
				);
				GCC_WARN_64_TO_32_BIT_CONVERSION = YES;
				GCC_WARN_ABOUT_RETURN_TYPE = YES_ERROR;
				GCC_WARN_UNDECLARED_SELECTOR = YES;
				GCC_WARN_UNINITIALIZED_AUTOS = YES_AGGRESSIVE;
				GCC_WARN_UNUSED_FUNCTION = YES;
				GCC_WARN_UNUSED_VARIABLE = YES;
				IPHONEOS_DEPLOYMENT_TARGET = 18.5;
				LOCALIZATION_PREFERS_STRING_CATALOGS = YES;
				MTL_ENABLE_DEBUG_INFO = INCLUDE_SOURCE;
				MTL_FAST_MATH = YES;
				ONLY_ACTIVE_ARCH = YES;
				SDKROOT = iphoneos;
				SWIFT_ACTIVE_COMPILATION_CONDITIONS = "DEBUG $(inherited)";
				SWIFT_OPTIMIZATION_LEVEL = "-Onone";
			};
			name = Debug;
		};
		FE6FC0222E756E44007FA21D /* Release */ = {
			isa = XCBuildConfiguration;
			buildSettings = {
				ALWAYS_SEARCH_USER_PATHS = NO;
				ASSETCATALOG_COMPILER_GENERATE_SWIFT_ASSET_SYMBOL_EXTENSIONS = YES;
				CLANG_ANALYZER_NONNULL = YES;
				CLANG_ANALYZER_NUMBER_OBJECT_CONVERSION = YES_AGGRESSIVE;
				CLANG_CXX_LANGUAGE_STANDARD = "gnu++20";
				CLANG_ENABLE_MODULES = YES;
				CLANG_ENABLE_OBJC_ARC = YES;
				CLANG_ENABLE_OBJC_WEAK = YES;
				CLANG_WARN_BLOCK_CAPTURE_AUTORELEASING = YES;
				CLANG_WARN_BOOL_CONVERSION = YES;
				CLANG_WARN_COMMA = YES;
				CLANG_WARN_CONSTANT_CONVERSION = YES;
				CLANG_WARN_DEPRECATED_OBJC_IMPLEMENTATIONS = YES;
				CLANG_WARN_DIRECT_OBJC_ISA_USAGE = YES_ERROR;
				CLANG_WARN_DOCUMENTATION_COMMENTS = YES;
				CLANG_WARN_EMPTY_BODY = YES;
				CLANG_WARN_ENUM_CONVERSION = YES;
				CLANG_WARN_INFINITE_RECURSION = YES;
				CLANG_WARN_INT_CONVERSION = YES;
				CLANG_WARN_NON_LITERAL_NULL_CONVERSION = YES;
				CLANG_WARN_OBJC_IMPLICIT_RETAIN_SELF = YES;
				CLANG_WARN_OBJC_LITERAL_CONVERSION = YES;
				CLANG_WARN_OBJC_ROOT_CLASS = YES_ERROR;
				CLANG_WARN_QUOTED_INCLUDE_IN_FRAMEWORK_HEADER = YES;
				CLANG_WARN_RANGE_LOOP_ANALYSIS = YES;
				CLANG_WARN_STRICT_PROTOTYPES = YES;
				CLANG_WARN_SUSPICIOUS_MOVE = YES;
				CLANG_WARN_UNGUARDED_AVAILABILITY = YES_AGGRESSIVE;
				CLANG_WARN_UNREACHABLE_CODE = YES;
				CLANG_WARN__DUPLICATE_METHOD_MATCH = YES;
				COPY_PHASE_STRIP = NO;
				DEBUG_INFORMATION_FORMAT = "dwarf-with-dsym";
				DEVELOPMENT_TEAM = BKD7HH7ZDH;
				ENABLE_NS_ASSERTIONS = NO;
				ENABLE_STRICT_OBJC_MSGSEND = YES;
				ENABLE_USER_SCRIPT_SANDBOXING = YES;
				GCC_C_LANGUAGE_STANDARD = gnu17;
				GCC_NO_COMMON_BLOCKS = YES;
				GCC_WARN_64_TO_32_BIT_CONVERSION = YES;
				GCC_WARN_ABOUT_RETURN_TYPE = YES_ERROR;
				GCC_WARN_UNDECLARED_SELECTOR = YES;
				GCC_WARN_UNINITIALIZED_AUTOS = YES_AGGRESSIVE;
				GCC_WARN_UNUSED_FUNCTION = YES;
				GCC_WARN_UNUSED_VARIABLE = YES;
				IPHONEOS_DEPLOYMENT_TARGET = 18.5;
				LOCALIZATION_PREFERS_STRING_CATALOGS = YES;
				MTL_ENABLE_DEBUG_INFO = NO;
				MTL_FAST_MATH = YES;
				SDKROOT = iphoneos;
				SWIFT_COMPILATION_MODE = wholemodule;
				VALIDATE_PRODUCT = YES;
			};
			name = Release;
		};
		FE6FC0242E756E44007FA21D /* Debug */ = {
			isa = XCBuildConfiguration;
			buildSettings = {
				BUNDLE_LOADER = "$(TEST_HOST)";
				CODE_SIGN_STYLE = Automatic;
				CURRENT_PROJECT_VERSION = 1;
				DEVELOPMENT_TEAM = BKD7HH7ZDH;
				GENERATE_INFOPLIST_FILE = YES;
				IPHONEOS_DEPLOYMENT_TARGET = 18.5;
				MARKETING_VERSION = 1.0;
				PRODUCT_BUNDLE_IDENTIFIER = dante.ToDooziesTests;
				PRODUCT_NAME = "$(TARGET_NAME)";
				SWIFT_EMIT_LOC_STRINGS = NO;
				SWIFT_VERSION = 5.0;
				TARGETED_DEVICE_FAMILY = "1,2";
				TEST_HOST = "$(BUILT_PRODUCTS_DIR)/ToDoozies.app/$(BUNDLE_EXECUTABLE_FOLDER_PATH)/ToDoozies";
			};
			name = Debug;
		};
		FE6FC0252E756E44007FA21D /* Release */ = {
			isa = XCBuildConfiguration;
			buildSettings = {
				BUNDLE_LOADER = "$(TEST_HOST)";
				CODE_SIGN_STYLE = Automatic;
				CURRENT_PROJECT_VERSION = 1;
				DEVELOPMENT_TEAM = BKD7HH7ZDH;
				GENERATE_INFOPLIST_FILE = YES;
				IPHONEOS_DEPLOYMENT_TARGET = 18.5;
				MARKETING_VERSION = 1.0;
				PRODUCT_BUNDLE_IDENTIFIER = dante.ToDooziesTests;
				PRODUCT_NAME = "$(TARGET_NAME)";
				SWIFT_EMIT_LOC_STRINGS = NO;
				SWIFT_VERSION = 5.0;
				TARGETED_DEVICE_FAMILY = "1,2";
				TEST_HOST = "$(BUILT_PRODUCTS_DIR)/ToDoozies.app/$(BUNDLE_EXECUTABLE_FOLDER_PATH)/ToDoozies";
			};
			name = Release;
		};
		FE6FC0272E756E44007FA21D /* Debug */ = {
			isa = XCBuildConfiguration;
			buildSettings = {
				CODE_SIGN_STYLE = Automatic;
				CURRENT_PROJECT_VERSION = 1;
				DEVELOPMENT_TEAM = BKD7HH7ZDH;
				GENERATE_INFOPLIST_FILE = YES;
				MARKETING_VERSION = 1.0;
				PRODUCT_BUNDLE_IDENTIFIER = dante.ToDooziesUITests;
				PRODUCT_NAME = "$(TARGET_NAME)";
				SWIFT_EMIT_LOC_STRINGS = NO;
				SWIFT_VERSION = 5.0;
				TARGETED_DEVICE_FAMILY = "1,2";
				TEST_TARGET_NAME = ToDoozies;
			};
			name = Debug;
		};
		FE6FC0282E756E44007FA21D /* Release */ = {
			isa = XCBuildConfiguration;
			buildSettings = {
				CODE_SIGN_STYLE = Automatic;
				CURRENT_PROJECT_VERSION = 1;
				DEVELOPMENT_TEAM = BKD7HH7ZDH;
				GENERATE_INFOPLIST_FILE = YES;
				MARKETING_VERSION = 1.0;
				PRODUCT_BUNDLE_IDENTIFIER = dante.ToDooziesUITests;
				PRODUCT_NAME = "$(TARGET_NAME)";
				SWIFT_EMIT_LOC_STRINGS = NO;
				SWIFT_VERSION = 5.0;
				TARGETED_DEVICE_FAMILY = "1,2";
				TEST_TARGET_NAME = ToDoozies;
			};
			name = Release;
		};
/* End XCBuildConfiguration section */

/* Begin XCConfigurationList section */
		FE6FBFF52E756E44007FA21D /* Build configuration list for PBXProject "ToDoozies" */ = {
			isa = XCConfigurationList;
			buildConfigurations = (
				FE6FC0212E756E44007FA21D /* Debug */,
				FE6FC0222E756E44007FA21D /* Release */,
			);
			defaultConfigurationIsVisible = 0;
			defaultConfigurationName = Release;
		};
		FE6FC01E2E756E44007FA21D /* Build configuration list for PBXNativeTarget "ToDoozies" */ = {
			isa = XCConfigurationList;
			buildConfigurations = (
				FE6FC01F2E756E44007FA21D /* Debug */,
				FE6FC0202E756E44007FA21D /* Release */,
			);
			defaultConfigurationIsVisible = 0;
			defaultConfigurationName = Release;
		};
		FE6FC0232E756E44007FA21D /* Build configuration list for PBXNativeTarget "ToDooziesTests" */ = {
			isa = XCConfigurationList;
			buildConfigurations = (
				FE6FC0242E756E44007FA21D /* Debug */,
				FE6FC0252E756E44007FA21D /* Release */,
			);
			defaultConfigurationIsVisible = 0;
			defaultConfigurationName = Release;
		};
		FE6FC0262E756E44007FA21D /* Build configuration list for PBXNativeTarget "ToDooziesUITests" */ = {
			isa = XCConfigurationList;
			buildConfigurations = (
				FE6FC0272E756E44007FA21D /* Debug */,
				FE6FC0282E756E44007FA21D /* Release */,
			);
			defaultConfigurationIsVisible = 0;
			defaultConfigurationName = Release;
		};
/* End XCConfigurationList section */
	};
	rootObject = FE6FBFF22E756E44007FA21D /* Project object */;
}
